// !$*UTF8*$!
{
	archiveVersion = 1;
	classes = {
	};
	objectVersion = 46;
	objects = {

/* Begin PBXBuildFile section */
		C90B181E1DB286C400080F59 /* RestCall.cpp in Sources */ = {isa = PBXBuildFile; fileRef = C90B181C1DB286C400080F59 /* RestCall.cpp */; };
		C90B18221DB2878700080F59 /* Response.cpp in Sources */ = {isa = PBXBuildFile; fileRef = C90B18201DB2878700080F59 /* Response.cpp */; };
		C93EE3021E076E2200EA6570 /* IndicatorAlgorithms.cpp in Sources */ = {isa = PBXBuildFile; fileRef = C93EE3001E076E2200EA6570 /* IndicatorAlgorithms.cpp */; };
		C954A5541DE8DC9B00401487 /* StockRunner.cpp in Sources */ = {isa = PBXBuildFile; fileRef = C954A5521DE8DC9B00401487 /* StockRunner.cpp */; };
		C95B24031DB043D20004604E /* main.cpp in Sources */ = {isa = PBXBuildFile; fileRef = C95B24021DB043D20004604E /* main.cpp */; };
		C974DF4C1E15F323001CD591 /* BuySell.cpp in Sources */ = {isa = PBXBuildFile; fileRef = C974DF4A1E15F323001CD591 /* BuySell.cpp */; };
		C9E8B6931DB2DCA0003B769A /* TimeQuote.cpp in Sources */ = {isa = PBXBuildFile; fileRef = C9E8B6911DB2DCA0003B769A /* TimeQuote.cpp */; };
		C9E8B6971DB40A87003B769A /* Quotes.cpp in Sources */ = {isa = PBXBuildFile; fileRef = C9E8B6951DB40A87003B769A /* Quotes.cpp */; };
		C9E8B69A1DB5A230003B769A /* Model.cpp in Sources */ = {isa = PBXBuildFile; fileRef = C9E8B6981DB5A230003B769A /* Model.cpp */; };
		C9E8B69F1DB83648003B769A /* FileManager.cpp in Sources */ = {isa = PBXBuildFile; fileRef = C9E8B69D1DB83648003B769A /* FileManager.cpp */; };
		C9E8B6A31DB97D3A003B769A /* TestModel.cpp in Sources */ = {isa = PBXBuildFile; fileRef = C9E8B6A11DB97D3A003B769A /* TestModel.cpp */; };
		C9E8B6A71DBAC477003B769A /* Stock.cpp in Sources */ = {isa = PBXBuildFile; fileRef = C9E8B6A51DBAC477003B769A /* Stock.cpp */; };
		C9E8B6AB1DBAC8CB003B769A /* StockModel.cpp in Sources */ = {isa = PBXBuildFile; fileRef = C9E8B6A91DBAC8CB003B769A /* StockModel.cpp */; };
		C9E8B6AF1DBACCA7003B769A /* Candle.cpp in Sources */ = {isa = PBXBuildFile; fileRef = C9E8B6AD1DBACCA7003B769A /* Candle.cpp */; };
		C9E8B6B41DC00B3F003B769A /* MemoryManager.cpp in Sources */ = {isa = PBXBuildFile; fileRef = C9E8B6B21DC00B3F003B769A /* MemoryManager.cpp */; };
/* End PBXBuildFile section */

/* Begin PBXCopyFilesBuildPhase section */
		C95B23FD1DB043D20004604E /* CopyFiles */ = {
			isa = PBXCopyFilesBuildPhase;
			buildActionMask = 2147483647;
			dstPath = /usr/share/man/man1/;
			dstSubfolderSpec = 0;
			files = (
			);
			runOnlyForDeploymentPostprocessing = 1;
		};
/* End PBXCopyFilesBuildPhase section */

/* Begin PBXFileReference section */
		C90B181C1DB286C400080F59 /* RestCall.cpp */ = {isa = PBXFileReference; fileEncoding = 4; lastKnownFileType = sourcecode.cpp.cpp; path = RestCall.cpp; sourceTree = "<group>"; };
		C90B181D1DB286C400080F59 /* RestCall.hpp */ = {isa = PBXFileReference; fileEncoding = 4; lastKnownFileType = sourcecode.cpp.h; path = RestCall.hpp; sourceTree = "<group>"; };
		C90B18201DB2878700080F59 /* Response.cpp */ = {isa = PBXFileReference; fileEncoding = 4; lastKnownFileType = sourcecode.cpp.cpp; path = Response.cpp; sourceTree = "<group>"; };
		C90B18211DB2878700080F59 /* Response.hpp */ = {isa = PBXFileReference; fileEncoding = 4; lastKnownFileType = sourcecode.cpp.h; path = Response.hpp; sourceTree = "<group>"; };
		C93EE3001E076E2200EA6570 /* IndicatorAlgorithms.cpp */ = {isa = PBXFileReference; fileEncoding = 4; lastKnownFileType = sourcecode.cpp.cpp; path = IndicatorAlgorithms.cpp; sourceTree = "<group>"; };
		C93EE3011E076E2200EA6570 /* IndicatorAlgorithms.hpp */ = {isa = PBXFileReference; fileEncoding = 4; lastKnownFileType = sourcecode.cpp.h; path = IndicatorAlgorithms.hpp; sourceTree = "<group>"; };
		C954A5521DE8DC9B00401487 /* StockRunner.cpp */ = {isa = PBXFileReference; fileEncoding = 4; lastKnownFileType = sourcecode.cpp.cpp; path = StockRunner.cpp; sourceTree = "<group>"; };
		C954A5531DE8DC9B00401487 /* StockRunner.hpp */ = {isa = PBXFileReference; fileEncoding = 4; lastKnownFileType = sourcecode.cpp.h; path = StockRunner.hpp; sourceTree = "<group>"; };
		C95B23FF1DB043D20004604E /* Stock-App */ = {isa = PBXFileReference; explicitFileType = "compiled.mach-o.executable"; includeInIndex = 0; path = "Stock-App"; sourceTree = BUILT_PRODUCTS_DIR; };
		C95B24021DB043D20004604E /* main.cpp */ = {isa = PBXFileReference; lastKnownFileType = sourcecode.cpp.cpp; path = main.cpp; sourceTree = "<group>"; };
		C974DF4A1E15F323001CD591 /* BuySell.cpp */ = {isa = PBXFileReference; fileEncoding = 4; lastKnownFileType = sourcecode.cpp.cpp; name = BuySell.cpp; path = "../../stock-app/Stock-App/BuySell.cpp"; sourceTree = "<group>"; };
		C974DF4B1E15F323001CD591 /* BuySell.hpp */ = {isa = PBXFileReference; fileEncoding = 4; lastKnownFileType = sourcecode.cpp.h; name = BuySell.hpp; path = "../../stock-app/Stock-App/BuySell.hpp"; sourceTree = "<group>"; };
		C9E8B6911DB2DCA0003B769A /* TimeQuote.cpp */ = {isa = PBXFileReference; fileEncoding = 4; lastKnownFileType = sourcecode.cpp.cpp; path = TimeQuote.cpp; sourceTree = "<group>"; };
		C9E8B6921DB2DCA0003B769A /* TimeQuote.hpp */ = {isa = PBXFileReference; fileEncoding = 4; lastKnownFileType = sourcecode.cpp.h; path = TimeQuote.hpp; sourceTree = "<group>"; };
		C9E8B6951DB40A87003B769A /* Quotes.cpp */ = {isa = PBXFileReference; fileEncoding = 4; lastKnownFileType = sourcecode.cpp.cpp; path = Quotes.cpp; sourceTree = "<group>"; };
		C9E8B6961DB40A87003B769A /* Quotes.hpp */ = {isa = PBXFileReference; fileEncoding = 4; lastKnownFileType = sourcecode.cpp.h; path = Quotes.hpp; sourceTree = "<group>"; };
		C9E8B6981DB5A230003B769A /* Model.cpp */ = {isa = PBXFileReference; fileEncoding = 4; lastKnownFileType = sourcecode.cpp.cpp; path = Model.cpp; sourceTree = "<group>"; };
		C9E8B6991DB5A230003B769A /* Model.hpp */ = {isa = PBXFileReference; fileEncoding = 4; lastKnownFileType = sourcecode.cpp.h; path = Model.hpp; sourceTree = "<group>"; };
		C9E8B69D1DB83648003B769A /* FileManager.cpp */ = {isa = PBXFileReference; fileEncoding = 4; lastKnownFileType = sourcecode.cpp.cpp; path = FileManager.cpp; sourceTree = "<group>"; };
		C9E8B69E1DB83648003B769A /* FileManager.hpp */ = {isa = PBXFileReference; fileEncoding = 4; lastKnownFileType = sourcecode.cpp.h; path = FileManager.hpp; sourceTree = "<group>"; };
		C9E8B6A11DB97D3A003B769A /* TestModel.cpp */ = {isa = PBXFileReference; fileEncoding = 4; lastKnownFileType = sourcecode.cpp.cpp; path = TestModel.cpp; sourceTree = "<group>"; };
		C9E8B6A21DB97D3A003B769A /* TestModel.hpp */ = {isa = PBXFileReference; fileEncoding = 4; lastKnownFileType = sourcecode.cpp.h; path = TestModel.hpp; sourceTree = "<group>"; };
		C9E8B6A51DBAC477003B769A /* Stock.cpp */ = {isa = PBXFileReference; fileEncoding = 4; lastKnownFileType = sourcecode.cpp.cpp; path = Stock.cpp; sourceTree = "<group>"; };
		C9E8B6A61DBAC477003B769A /* Stock.hpp */ = {isa = PBXFileReference; fileEncoding = 4; lastKnownFileType = sourcecode.cpp.h; path = Stock.hpp; sourceTree = "<group>"; };
		C9E8B6A91DBAC8CB003B769A /* StockModel.cpp */ = {isa = PBXFileReference; fileEncoding = 4; lastKnownFileType = sourcecode.cpp.cpp; path = StockModel.cpp; sourceTree = "<group>"; };
		C9E8B6AA1DBAC8CB003B769A /* StockModel.hpp */ = {isa = PBXFileReference; fileEncoding = 4; lastKnownFileType = sourcecode.cpp.h; path = StockModel.hpp; sourceTree = "<group>"; };
		C9E8B6AD1DBACCA7003B769A /* Candle.cpp */ = {isa = PBXFileReference; fileEncoding = 4; lastKnownFileType = sourcecode.cpp.cpp; path = Candle.cpp; sourceTree = "<group>"; };
		C9E8B6AE1DBACCA7003B769A /* Candle.hpp */ = {isa = PBXFileReference; fileEncoding = 4; lastKnownFileType = sourcecode.cpp.h; path = Candle.hpp; sourceTree = "<group>"; };
		C9E8B6B21DC00B3F003B769A /* MemoryManager.cpp */ = {isa = PBXFileReference; fileEncoding = 4; lastKnownFileType = sourcecode.cpp.cpp; path = MemoryManager.cpp; sourceTree = "<group>"; };
		C9E8B6B31DC00B3F003B769A /* MemoryManager.hpp */ = {isa = PBXFileReference; fileEncoding = 4; lastKnownFileType = sourcecode.cpp.h; path = MemoryManager.hpp; sourceTree = "<group>"; };
/* End PBXFileReference section */

/* Begin PBXFrameworksBuildPhase section */
		C95B23FC1DB043D20004604E /* Frameworks */ = {
			isa = PBXFrameworksBuildPhase;
			buildActionMask = 2147483647;
			files = (
			);
			runOnlyForDeploymentPostprocessing = 0;
		};
/* End PBXFrameworksBuildPhase section */

/* Begin PBXGroup section */
		C90B181F1DB286CD00080F59 /* RestCall */ = {
			isa = PBXGroup;
			children = (
				C90B181C1DB286C400080F59 /* RestCall.cpp */,
				C90B181D1DB286C400080F59 /* RestCall.hpp */,
			);
			name = RestCall;
			sourceTree = "<group>";
		};
		C90B18231DB2878C00080F59 /* Response */ = {
			isa = PBXGroup;
			children = (
				C90B18201DB2878700080F59 /* Response.cpp */,
				C90B18211DB2878700080F59 /* Response.hpp */,
			);
			name = Response;
			sourceTree = "<group>";
		};
		C93EE2FF1E076DC300EA6570 /* IndicatorAlgorithms */ = {
			isa = PBXGroup;
			children = (
				C93EE3001E076E2200EA6570 /* IndicatorAlgorithms.cpp */,
				C93EE3011E076E2200EA6570 /* IndicatorAlgorithms.hpp */,
			);
			name = IndicatorAlgorithms;
			sourceTree = "<group>";
		};
		C954A5511DE8DC8900401487 /* StockRunner */ = {
			isa = PBXGroup;
			children = (
				C954A5521DE8DC9B00401487 /* StockRunner.cpp */,
				C954A5531DE8DC9B00401487 /* StockRunner.hpp */,
			);
			name = StockRunner;
			sourceTree = "<group>";
		};
		C95B23F61DB043D20004604E = {
			isa = PBXGroup;
			children = (
				C95B24011DB043D20004604E /* Stock-App */,
				C95B24001DB043D20004604E /* Products */,
			);
			sourceTree = "<group>";
		};
		C95B24001DB043D20004604E /* Products */ = {
			isa = PBXGroup;
			children = (
				C95B23FF1DB043D20004604E /* Stock-App */,
			);
			name = Products;
			sourceTree = "<group>";
		};
		C95B24011DB043D20004604E /* Stock-App */ = {
			isa = PBXGroup;
			children = (
				C974DF491E15F314001CD591 /* BuySell */,
				C93EE2FF1E076DC300EA6570 /* IndicatorAlgorithms */,
				C9E8B6B11DC00B2B003B769A /* MemoryManager */,
				C9E8B6AC1DBACC9B003B769A /* Candle */,
				C9E8B6A81DBAC8B5003B769A /* StockModel */,
				C9E8B6A41DBAC46A003B769A /* Stock */,
				C9E8B6A01DB97D23003B769A /* TestModel */,
				C9E8B69C1DB8363C003B769A /* FileManager */,
				C9E8B69B1DB5A234003B769A /* Model */,
				C9E8B6941DB40A60003B769A /* Quotes - Unused */,
				C9E8B6901DB2DC81003B769A /* TimeQuote */,
				C90B18231DB2878C00080F59 /* Response */,
				C90B181F1DB286CD00080F59 /* RestCall */,
				C954A5511DE8DC8900401487 /* StockRunner */,
				C95B24021DB043D20004604E /* main.cpp */,
			);
			path = "Stock-App";
			sourceTree = "<group>";
		};
		C974DF491E15F314001CD591 /* BuySell */ = {
			isa = PBXGroup;
			children = (
				C974DF4A1E15F323001CD591 /* BuySell.cpp */,
				C974DF4B1E15F323001CD591 /* BuySell.hpp */,
			);
			name = BuySell;
			sourceTree = "<group>";
		};
		C9E8B6901DB2DC81003B769A /* TimeQuote */ = {
			isa = PBXGroup;
			children = (
				C9E8B6911DB2DCA0003B769A /* TimeQuote.cpp */,
				C9E8B6921DB2DCA0003B769A /* TimeQuote.hpp */,
			);
			name = TimeQuote;
			sourceTree = "<group>";
		};
		C9E8B6941DB40A60003B769A /* Quotes - Unused */ = {
			isa = PBXGroup;
			children = (
				C9E8B6951DB40A87003B769A /* Quotes.cpp */,
				C9E8B6961DB40A87003B769A /* Quotes.hpp */,
			);
			name = "Quotes - Unused";
			sourceTree = "<group>";
		};
		C9E8B69B1DB5A234003B769A /* Model */ = {
			isa = PBXGroup;
			children = (
				C9E8B6981DB5A230003B769A /* Model.cpp */,
				C9E8B6991DB5A230003B769A /* Model.hpp */,
			);
			name = Model;
			sourceTree = "<group>";
		};
		C9E8B69C1DB8363C003B769A /* FileManager */ = {
			isa = PBXGroup;
			children = (
				C9E8B69D1DB83648003B769A /* FileManager.cpp */,
				C9E8B69E1DB83648003B769A /* FileManager.hpp */,
			);
			name = FileManager;
			sourceTree = "<group>";
		};
		C9E8B6A01DB97D23003B769A /* TestModel */ = {
			isa = PBXGroup;
			children = (
				C9E8B6A11DB97D3A003B769A /* TestModel.cpp */,
				C9E8B6A21DB97D3A003B769A /* TestModel.hpp */,
			);
			name = TestModel;
			sourceTree = "<group>";
		};
		C9E8B6A41DBAC46A003B769A /* Stock */ = {
			isa = PBXGroup;
			children = (
				C9E8B6A51DBAC477003B769A /* Stock.cpp */,
				C9E8B6A61DBAC477003B769A /* Stock.hpp */,
			);
			name = Stock;
			sourceTree = "<group>";
		};
		C9E8B6A81DBAC8B5003B769A /* StockModel */ = {
			isa = PBXGroup;
			children = (
				C9E8B6A91DBAC8CB003B769A /* StockModel.cpp */,
				C9E8B6AA1DBAC8CB003B769A /* StockModel.hpp */,
			);
			name = StockModel;
			sourceTree = "<group>";
		};
		C9E8B6AC1DBACC9B003B769A /* Candle */ = {
			isa = PBXGroup;
			children = (
				C9E8B6AD1DBACCA7003B769A /* Candle.cpp */,
				C9E8B6AE1DBACCA7003B769A /* Candle.hpp */,
			);
			name = Candle;
			sourceTree = "<group>";
		};
		C9E8B6B11DC00B2B003B769A /* MemoryManager */ = {
			isa = PBXGroup;
			children = (
				C9E8B6B21DC00B3F003B769A /* MemoryManager.cpp */,
				C9E8B6B31DC00B3F003B769A /* MemoryManager.hpp */,
			);
			name = MemoryManager;
			sourceTree = "<group>";
		};
/* End PBXGroup section */

/* Begin PBXNativeTarget section */
		C95B23FE1DB043D20004604E /* Stock-App */ = {
			isa = PBXNativeTarget;
			buildConfigurationList = C95B24061DB043D20004604E /* Build configuration list for PBXNativeTarget "Stock-App" */;
			buildPhases = (
				C95B23FB1DB043D20004604E /* Sources */,
				C95B23FC1DB043D20004604E /* Frameworks */,
				C95B23FD1DB043D20004604E /* CopyFiles */,
			);
			buildRules = (
			);
			dependencies = (
			);
			name = "Stock-App";
			productName = "Stock-App";
			productReference = C95B23FF1DB043D20004604E /* Stock-App */;
			productType = "com.apple.product-type.tool";
		};
/* End PBXNativeTarget section */

/* Begin PBXProject section */
		C95B23F71DB043D20004604E /* Project object */ = {
			isa = PBXProject;
			attributes = {
				LastUpgradeCheck = 0800;
				ORGANIZATIONNAME = MattWood;
				TargetAttributes = {
					C95B23FE1DB043D20004604E = {
						CreatedOnToolsVersion = 8.0;
						DevelopmentTeam = 7J94Z64TPL;
						ProvisioningStyle = Automatic;
					};
				};
			};
			buildConfigurationList = C95B23FA1DB043D20004604E /* Build configuration list for PBXProject "Stock-App" */;
			compatibilityVersion = "Xcode 3.2";
			developmentRegion = English;
			hasScannedForEncodings = 0;
			knownRegions = (
				en,
			);
			mainGroup = C95B23F61DB043D20004604E;
			productRefGroup = C95B24001DB043D20004604E /* Products */;
			projectDirPath = "";
			projectRoot = "";
			targets = (
				C95B23FE1DB043D20004604E /* Stock-App */,
			);
		};
/* End PBXProject section */

/* Begin PBXSourcesBuildPhase section */
		C95B23FB1DB043D20004604E /* Sources */ = {
			isa = PBXSourcesBuildPhase;
			buildActionMask = 2147483647;
			files = (
				C95B24031DB043D20004604E /* main.cpp in Sources */,
				C9E8B6971DB40A87003B769A /* Quotes.cpp in Sources */,
				C9E8B6AB1DBAC8CB003B769A /* StockModel.cpp in Sources */,
				C90B181E1DB286C400080F59 /* RestCall.cpp in Sources */,
				C9E8B69A1DB5A230003B769A /* Model.cpp in Sources */,
				C93EE3021E076E2200EA6570 /* IndicatorAlgorithms.cpp in Sources */,
				C9E8B69F1DB83648003B769A /* FileManager.cpp in Sources */,
				C9E8B6B41DC00B3F003B769A /* MemoryManager.cpp in Sources */,
				C90B18221DB2878700080F59 /* Response.cpp in Sources */,
				C9E8B6931DB2DCA0003B769A /* TimeQuote.cpp in Sources */,
				C954A5541DE8DC9B00401487 /* StockRunner.cpp in Sources */,
				C9E8B6AF1DBACCA7003B769A /* Candle.cpp in Sources */,
				C9E8B6A31DB97D3A003B769A /* TestModel.cpp in Sources */,
				C974DF4C1E15F323001CD591 /* BuySell.cpp in Sources */,
				C9E8B6A71DBAC477003B769A /* Stock.cpp in Sources */,
			);
			runOnlyForDeploymentPostprocessing = 0;
		};
/* End PBXSourcesBuildPhase section */

/* Begin XCBuildConfiguration section */
		C95B24041DB043D20004604E /* Debug */ = {
			isa = XCBuildConfiguration;
			buildSettings = {
				ALWAYS_SEARCH_USER_PATHS = NO;
				CLANG_ANALYZER_NONNULL = YES;
				CLANG_CXX_LANGUAGE_STANDARD = "gnu++0x";
				CLANG_CXX_LIBRARY = "libc++";
				CLANG_ENABLE_MODULES = YES;
				CLANG_ENABLE_OBJC_ARC = YES;
				CLANG_WARN_BOOL_CONVERSION = YES;
				CLANG_WARN_CONSTANT_CONVERSION = YES;
				CLANG_WARN_DIRECT_OBJC_ISA_USAGE = YES_ERROR;
				CLANG_WARN_DOCUMENTATION_COMMENTS = YES;
				CLANG_WARN_EMPTY_BODY = YES;
				CLANG_WARN_ENUM_CONVERSION = YES;
				CLANG_WARN_INFINITE_RECURSION = YES;
				CLANG_WARN_INT_CONVERSION = YES;
				CLANG_WARN_OBJC_ROOT_CLASS = YES_ERROR;
				CLANG_WARN_SUSPICIOUS_MOVES = YES;
				CLANG_WARN_UNREACHABLE_CODE = YES;
				CLANG_WARN__DUPLICATE_METHOD_MATCH = YES;
				CODE_SIGN_IDENTITY = "-";
				COPY_PHASE_STRIP = NO;
				DEBUG_INFORMATION_FORMAT = dwarf;
				ENABLE_STRICT_OBJC_MSGSEND = YES;
				ENABLE_TESTABILITY = YES;
				GCC_C_LANGUAGE_STANDARD = gnu99;
				GCC_DYNAMIC_NO_PIC = NO;
				GCC_NO_COMMON_BLOCKS = YES;
				GCC_OPTIMIZATION_LEVEL = 0;
				GCC_PREPROCESSOR_DEFINITIONS = (
					"DEBUG=1",
					"$(inherited)",
				);
				GCC_WARN_64_TO_32_BIT_CONVERSION = YES;
				GCC_WARN_ABOUT_RETURN_TYPE = YES_ERROR;
				GCC_WARN_UNDECLARED_SELECTOR = YES;
				GCC_WARN_UNINITIALIZED_AUTOS = YES_AGGRESSIVE;
				GCC_WARN_UNUSED_FUNCTION = YES;
				GCC_WARN_UNUSED_VARIABLE = YES;
				MACOSX_DEPLOYMENT_TARGET = 10.11;
				MTL_ENABLE_DEBUG_INFO = YES;
				ONLY_ACTIVE_ARCH = YES;
				OTHER_LDFLAGS = "-lcurl";
				SDKROOT = macosx;
			};
			name = Debug;
		};
		C95B24051DB043D20004604E /* Release */ = {
			isa = XCBuildConfiguration;
			buildSettings = {
				ALWAYS_SEARCH_USER_PATHS = NO;
				CLANG_ANALYZER_NONNULL = YES;
				CLANG_CXX_LANGUAGE_STANDARD = "gnu++0x";
				CLANG_CXX_LIBRARY = "libc++";
				CLANG_ENABLE_MODULES = YES;
				CLANG_ENABLE_OBJC_ARC = YES;
				CLANG_WARN_BOOL_CONVERSION = YES;
				CLANG_WARN_CONSTANT_CONVERSION = YES;
				CLANG_WARN_DIRECT_OBJC_ISA_USAGE = YES_ERROR;
				CLANG_WARN_DOCUMENTATION_COMMENTS = YES;
				CLANG_WARN_EMPTY_BODY = YES;
				CLANG_WARN_ENUM_CONVERSION = YES;
				CLANG_WARN_INFINITE_RECURSION = YES;
				CLANG_WARN_INT_CONVERSION = YES;
				CLANG_WARN_OBJC_ROOT_CLASS = YES_ERROR;
				CLANG_WARN_SUSPICIOUS_MOVES = YES;
				CLANG_WARN_UNREACHABLE_CODE = YES;
				CLANG_WARN__DUPLICATE_METHOD_MATCH = YES;
				CODE_SIGN_IDENTITY = "-";
				COPY_PHASE_STRIP = NO;
				DEBUG_INFORMATION_FORMAT = "dwarf-with-dsym";
				ENABLE_NS_ASSERTIONS = NO;
				ENABLE_STRICT_OBJC_MSGSEND = YES;
				GCC_C_LANGUAGE_STANDARD = gnu99;
				GCC_NO_COMMON_BLOCKS = YES;
				GCC_WARN_64_TO_32_BIT_CONVERSION = YES;
				GCC_WARN_ABOUT_RETURN_TYPE = YES_ERROR;
				GCC_WARN_UNDECLARED_SELECTOR = YES;
				GCC_WARN_UNINITIALIZED_AUTOS = YES_AGGRESSIVE;
				GCC_WARN_UNUSED_FUNCTION = YES;
				GCC_WARN_UNUSED_VARIABLE = YES;
				MACOSX_DEPLOYMENT_TARGET = 10.11;
				MTL_ENABLE_DEBUG_INFO = NO;
				OTHER_LDFLAGS = "-lcurl";
				SDKROOT = macosx;
			};
			name = Release;
		};
		C95B24071DB043D20004604E /* Debug */ = {
			isa = XCBuildConfiguration;
			buildSettings = {
				DEVELOPMENT_TEAM = 7J94Z64TPL;
				PRODUCT_NAME = "$(TARGET_NAME)";
			};
			name = Debug;
		};
		C95B24081DB043D20004604E /* Release */ = {
			isa = XCBuildConfiguration;
			buildSettings = {
				DEVELOPMENT_TEAM = 7J94Z64TPL;
				PRODUCT_NAME = "$(TARGET_NAME)";
			};
			name = Release;
		};
/* End XCBuildConfiguration section */

/* Begin XCConfigurationList section */
		C95B23FA1DB043D20004604E /* Build configuration list for PBXProject "Stock-App" */ = {
			isa = XCConfigurationList;
			buildConfigurations = (
				C95B24041DB043D20004604E /* Debug */,
				C95B24051DB043D20004604E /* Release */,
			);
			defaultConfigurationIsVisible = 0;
			defaultConfigurationName = Release;
		};
		C95B24061DB043D20004604E /* Build configuration list for PBXNativeTarget "Stock-App" */ = {
			isa = XCConfigurationList;
			buildConfigurations = (
				C95B24071DB043D20004604E /* Debug */,
				C95B24081DB043D20004604E /* Release */,
			);
			defaultConfigurationIsVisible = 0;
			defaultConfigurationName = Release;
		};
/* End XCConfigurationList section */
	};
	rootObject = C95B23F71DB043D20004604E /* Project object */;
}
